// !$*UTF8*$!
{
	archiveVersion = 1;
	classes = {
	};
	objectVersion = 46;
	objects = {

/* Begin PBXBuildFile section */
		6609981F129397F5007B1E07 /* TTExtensionLoader.m in Sources */ = {isa = PBXBuildFile; fileRef = 66099817129397F5007B1E07 /* TTExtensionLoader.m */; };
		6609982412939800007B1E07 /* TTExtensionLoader.h in Headers */ = {isa = PBXBuildFile; fileRef = 6609982012939800007B1E07 /* TTExtensionLoader.h */; settings = {ATTRIBUTES = (Public, ); }; };
		664B29E912848B1A0008D569 /* TTErrorCodes.h in Headers */ = {isa = PBXBuildFile; fileRef = 664B29E812848B1A0008D569 /* TTErrorCodes.h */; settings = {ATTRIBUTES = (Public, ); }; };
		664B29F012848B270008D569 /* TTErrorCodes.m in Sources */ = {isa = PBXBuildFile; fileRef = 664B29EF12848B270008D569 /* TTErrorCodes.m */; };
		6D269ECF13CB5BC80006FE1F /* SBJsonTokeniser.h in Headers */ = {isa = PBXBuildFile; fileRef = 6D269EC113CB5BC80006FE1F /* SBJsonTokeniser.h */; settings = {ATTRIBUTES = (); }; };
		6D269ED113CB5BC80006FE1F /* SBJsonStreamWriterState.h in Headers */ = {isa = PBXBuildFile; fileRef = 6D269EC313CB5BC80006FE1F /* SBJsonStreamWriterState.h */; settings = {ATTRIBUTES = (); }; };
		6D269ED313CB5BC80006FE1F /* SBJsonStreamWriter.h in Headers */ = {isa = PBXBuildFile; fileRef = 6D269EC513CB5BC80006FE1F /* SBJsonStreamWriter.h */; settings = {ATTRIBUTES = (); }; };
		6D269ED513CB5BC80006FE1F /* SBJsonStreamParserState.h in Headers */ = {isa = PBXBuildFile; fileRef = 6D269EC713CB5BC80006FE1F /* SBJsonStreamParserState.h */; settings = {ATTRIBUTES = (); }; };
		6D269ED713CB5BC80006FE1F /* SBJsonStreamParserAdapter.h in Headers */ = {isa = PBXBuildFile; fileRef = 6D269EC913CB5BC80006FE1F /* SBJsonStreamParserAdapter.h */; settings = {ATTRIBUTES = (); }; };
		6D269ED913CB5BC80006FE1F /* SBJsonStreamParser.h in Headers */ = {isa = PBXBuildFile; fileRef = 6D269ECB13CB5BC80006FE1F /* SBJsonStreamParser.h */; settings = {ATTRIBUTES = (); }; };
		6D58F0B413E8ECC700E9CE78 /* NSString+SBJSON.h in Headers */ = {isa = PBXBuildFile; fileRef = 6D58F0B213E8ECC500E9CE78 /* NSString+SBJSON.h */; settings = {ATTRIBUTES = (); }; };
		6D58F0BE13E8ED1B00E9CE78 /* SBJson.h in Headers */ = {isa = PBXBuildFile; fileRef = 6D58F0B713E8ED1900E9CE78 /* SBJson.h */; settings = {ATTRIBUTES = (); }; };
		6D58F0BF13E8ED1C00E9CE78 /* SBJsonStreamParserAccumulator.h in Headers */ = {isa = PBXBuildFile; fileRef = 6D58F0B813E8ED1900E9CE78 /* SBJsonStreamParserAccumulator.h */; settings = {ATTRIBUTES = (); }; };
		6D58F0C113E8ED1C00E9CE78 /* SBJsonStreamWriterAccumulator.h in Headers */ = {isa = PBXBuildFile; fileRef = 6D58F0BA13E8ED1A00E9CE78 /* SBJsonStreamWriterAccumulator.h */; settings = {ATTRIBUTES = (); }; };
		6D58F0C313E8ED1C00E9CE78 /* SBJsonUTF8Stream.h in Headers */ = {isa = PBXBuildFile; fileRef = 6D58F0BC13E8ED1B00E9CE78 /* SBJsonUTF8Stream.h */; settings = {ATTRIBUTES = (); }; };
		6E645A1D11876C9800F08CB1 /* TTURLJSONResponse.h in Headers */ = {isa = PBXBuildFile; fileRef = 6E645A1A11876C9800F08CB1 /* TTURLJSONResponse.h */; settings = {ATTRIBUTES = (Public, ); }; };
		6E645A1E11876C9800F08CB1 /* TTURLJSONResponse.m in Sources */ = {isa = PBXBuildFile; fileRef = 6E645A1C11876C9800F08CB1 /* TTURLJSONResponse.m */; };
		6E645A3111876CA800F08CB1 /* NSObject+SBJSON.h in Headers */ = {isa = PBXBuildFile; fileRef = 6E645A2311876CA800F08CB1 /* NSObject+SBJSON.h */; settings = {ATTRIBUTES = (); }; };
		6E645A3211876CA800F08CB1 /* NSObject+SBJSON.m in Sources */ = {isa = PBXBuildFile; fileRef = 6E645A2411876CA800F08CB1 /* NSObject+SBJSON.m */; };
		6E645A3911876CA800F08CB1 /* SBJsonParser.h in Headers */ = {isa = PBXBuildFile; fileRef = 6E645A2C11876CA800F08CB1 /* SBJsonParser.h */; settings = {ATTRIBUTES = (); }; };
		6E645A3B11876CA800F08CB1 /* SBJsonWriter.h in Headers */ = {isa = PBXBuildFile; fileRef = 6E645A2E11876CA800F08CB1 /* SBJsonWriter.h */; settings = {ATTRIBUTES = (); }; };
		6E645A9A11876E0400F08CB1 /* extJSONTests+SBJSON.m in Sources */ = {isa = PBXBuildFile; fileRef = 6E645A6511876D2900F08CB1 /* extJSONTests+SBJSON.m */; };
		6E645AA111876E2B00F08CB1 /* libThree20Core.a in Frameworks */ = {isa = PBXBuildFile; fileRef = 6E645A7011876D3F00F08CB1 /* libThree20Core.a */; };
		6E6462121187DD2F00F08CB1 /* extThree20JSON.h in Headers */ = {isa = PBXBuildFile; fileRef = 6E6462111187DD2A00F08CB1 /* extThree20JSON.h */; settings = {ATTRIBUTES = (Public, ); }; };
		6EB460DA1183D8CB00685649 /* libextThree20JSON+SBJSON.a in Frameworks */ = {isa = PBXBuildFile; fileRef = BEF31F3A0F352DF5000DE5D2 /* libextThree20JSON+SBJSON.a */; };
/* End PBXBuildFile section */

/* Begin PBXContainerItemProxy section */
		2DA08A0714B796A100E7E492 /* PBXContainerItemProxy */ = {
			isa = PBXContainerItemProxy;
			containerPortal = 6E645A7311876D4600F08CB1 /* Three20Network.xcodeproj */;
			proxyType = 2;
			remoteGlobalIDString = BEF31F3A0F352DF5000DE5D2;
			remoteInfo = Three20Network;
		};
		2DA08A0914B796A100E7E492 /* PBXContainerItemProxy */ = {
			isa = PBXContainerItemProxy;
			containerPortal = 6E645A7311876D4600F08CB1 /* Three20Network.xcodeproj */;
			proxyType = 2;
			remoteGlobalIDString = EB9E6C6210B6A8F800DE563C;
			remoteInfo = Three20NetworkUnitTests;
		};
		6E645A6F11876D3F00F08CB1 /* PBXContainerItemProxy */ = {
			isa = PBXContainerItemProxy;
			containerPortal = 6E645A6A11876D3F00F08CB1 /* Three20Core.xcodeproj */;
			proxyType = 2;
			remoteGlobalIDString = BEF31F3A0F352DF5000DE5D2;
			remoteInfo = Three20Core;
		};
		6E645A7111876D3F00F08CB1 /* PBXContainerItemProxy */ = {
			isa = PBXContainerItemProxy;
			containerPortal = 6E645A6A11876D3F00F08CB1 /* Three20Core.xcodeproj */;
			proxyType = 2;
			remoteGlobalIDString = EB9E6C6210B6A8F800DE563C;
			remoteInfo = UnitTests;
		};
		6E645A7C11876D5800F08CB1 /* PBXContainerItemProxy */ = {
			isa = PBXContainerItemProxy;
			containerPortal = 6E645A6A11876D3F00F08CB1 /* Three20Core.xcodeproj */;
			proxyType = 1;
			remoteGlobalIDString = BEF31F390F352DF5000DE5D2;
			remoteInfo = Three20Core;
		};
		6E645A7E11876D5800F08CB1 /* PBXContainerItemProxy */ = {
			isa = PBXContainerItemProxy;
			containerPortal = 6E645A7311876D4600F08CB1 /* Three20Network.xcodeproj */;
			proxyType = 1;
			remoteGlobalIDString = BEF31F390F352DF5000DE5D2;
			remoteInfo = Three20Network;
		};
		6E645AA511876E3500F08CB1 /* PBXContainerItemProxy */ = {
			isa = PBXContainerItemProxy;
			containerPortal = 6E645A6A11876D3F00F08CB1 /* Three20Core.xcodeproj */;
			proxyType = 1;
			remoteGlobalIDString = EB9E6C6110B6A8F800DE563C;
			remoteInfo = UnitTests;
		};
		6E645AA711876E3500F08CB1 /* PBXContainerItemProxy */ = {
			isa = PBXContainerItemProxy;
			containerPortal = 6E645A7311876D4600F08CB1 /* Three20Network.xcodeproj */;
			proxyType = 1;
			remoteGlobalIDString = EB9E6C6110B6A8F800DE563C;
			remoteInfo = UnitTests;
		};
		6EB460DD1183D8D400685649 /* PBXContainerItemProxy */ = {
			isa = PBXContainerItemProxy;
			containerPortal = 29B97313FDCFA39411CA2CEA /* Project object */;
			proxyType = 1;
			remoteGlobalIDString = BEF31F390F352DF5000DE5D2;
			remoteInfo = extThree20JSON;
		};
/* End PBXContainerItemProxy section */

/* Begin PBXFileReference section */
		66099817129397F5007B1E07 /* TTExtensionLoader.m */ = {isa = PBXFileReference; fileEncoding = 4; lastKnownFileType = sourcecode.c.objc; name = TTExtensionLoader.m; path = Source/TTExtensionLoader.m; sourceTree = "<group>"; };
		6609982012939800007B1E07 /* TTExtensionLoader.h */ = {isa = PBXFileReference; fileEncoding = 4; lastKnownFileType = sourcecode.c.h; name = TTExtensionLoader.h; path = Headers/TTExtensionLoader.h; sourceTree = "<group>"; };
		663DB06D12661EE900CF8CEA /* Library+YAJL.xcconfig */ = {isa = PBXFileReference; fileEncoding = 4; lastKnownFileType = text.xcconfig; name = "Library+YAJL.xcconfig"; path = "Configurations/Library+YAJL.xcconfig"; sourceTree = "<group>"; };
		664B29E812848B1A0008D569 /* TTErrorCodes.h */ = {isa = PBXFileReference; fileEncoding = 4; lastKnownFileType = sourcecode.c.h; name = TTErrorCodes.h; path = Headers/TTErrorCodes.h; sourceTree = "<group>"; };
		664B29EF12848B270008D569 /* TTErrorCodes.m */ = {isa = PBXFileReference; fileEncoding = 4; lastKnownFileType = sourcecode.c.objc; name = TTErrorCodes.m; path = Source/TTErrorCodes.m; sourceTree = "<group>"; };
		6D269EC013CB5BC80006FE1F /* SBJsonTokeniser.m */ = {isa = PBXFileReference; fileEncoding = 4; lastKnownFileType = sourcecode.c.objc; path = SBJsonTokeniser.m; sourceTree = "<group>"; };
		6D269EC113CB5BC80006FE1F /* SBJsonTokeniser.h */ = {isa = PBXFileReference; fileEncoding = 4; lastKnownFileType = sourcecode.c.h; path = SBJsonTokeniser.h; sourceTree = "<group>"; };
		6D269EC213CB5BC80006FE1F /* SBJsonStreamWriterState.m */ = {isa = PBXFileReference; fileEncoding = 4; lastKnownFileType = sourcecode.c.objc; path = SBJsonStreamWriterState.m; sourceTree = "<group>"; };
		6D269EC313CB5BC80006FE1F /* SBJsonStreamWriterState.h */ = {isa = PBXFileReference; fileEncoding = 4; lastKnownFileType = sourcecode.c.h; path = SBJsonStreamWriterState.h; sourceTree = "<group>"; };
		6D269EC413CB5BC80006FE1F /* SBJsonStreamWriter.m */ = {isa = PBXFileReference; fileEncoding = 4; lastKnownFileType = sourcecode.c.objc; path = SBJsonStreamWriter.m; sourceTree = "<group>"; };
		6D269EC513CB5BC80006FE1F /* SBJsonStreamWriter.h */ = {isa = PBXFileReference; fileEncoding = 4; lastKnownFileType = sourcecode.c.h; path = SBJsonStreamWriter.h; sourceTree = "<group>"; };
		6D269EC613CB5BC80006FE1F /* SBJsonStreamParserState.m */ = {isa = PBXFileReference; fileEncoding = 4; lastKnownFileType = sourcecode.c.objc; path = SBJsonStreamParserState.m; sourceTree = "<group>"; };
		6D269EC713CB5BC80006FE1F /* SBJsonStreamParserState.h */ = {isa = PBXFileReference; fileEncoding = 4; lastKnownFileType = sourcecode.c.h; path = SBJsonStreamParserState.h; sourceTree = "<group>"; };
		6D269EC813CB5BC80006FE1F /* SBJsonStreamParserAdapter.m */ = {isa = PBXFileReference; fileEncoding = 4; lastKnownFileType = sourcecode.c.objc; path = SBJsonStreamParserAdapter.m; sourceTree = "<group>"; };
		6D269EC913CB5BC80006FE1F /* SBJsonStreamParserAdapter.h */ = {isa = PBXFileReference; fileEncoding = 4; lastKnownFileType = sourcecode.c.h; path = SBJsonStreamParserAdapter.h; sourceTree = "<group>"; };
		6D269ECA13CB5BC80006FE1F /* SBJsonStreamParser.m */ = {isa = PBXFileReference; fileEncoding = 4; lastKnownFileType = sourcecode.c.objc; path = SBJsonStreamParser.m; sourceTree = "<group>"; };
		6D269ECB13CB5BC80006FE1F /* SBJsonStreamParser.h */ = {isa = PBXFileReference; fileEncoding = 4; lastKnownFileType = sourcecode.c.h; path = SBJsonStreamParser.h; sourceTree = "<group>"; };
		6D58F0AE13E8EBA400E9CE78 /* Changes.md */ = {isa = PBXFileReference; fileEncoding = 4; lastKnownFileType = text; path = Changes.md; sourceTree = "<group>"; };
		6D58F0AF13E8EBA400E9CE78 /* Credits.md */ = {isa = PBXFileReference; fileEncoding = 4; lastKnownFileType = text; path = Credits.md; sourceTree = "<group>"; };
		6D58F0B013E8EBA500E9CE78 /* Readme.md */ = {isa = PBXFileReference; fileEncoding = 4; lastKnownFileType = text; path = Readme.md; sourceTree = "<group>"; };
		6D58F0B113E8EBA500E9CE78 /* ReleaseChecklist.md */ = {isa = PBXFileReference; fileEncoding = 4; lastKnownFileType = text; path = ReleaseChecklist.md; sourceTree = "<group>"; };
		6D58F0B213E8ECC500E9CE78 /* NSString+SBJSON.h */ = {isa = PBXFileReference; fileEncoding = 4; lastKnownFileType = sourcecode.c.h; path = "NSString+SBJSON.h"; sourceTree = "<group>"; };
		6D58F0B313E8ECC600E9CE78 /* NSString+SBJSON.m */ = {isa = PBXFileReference; fileEncoding = 4; lastKnownFileType = sourcecode.c.objc; path = "NSString+SBJSON.m"; sourceTree = "<group>"; };
		6D58F0B613E8ED1800E9CE78 /* LICENSE */ = {isa = PBXFileReference; fileEncoding = 4; lastKnownFileType = text; path = LICENSE; sourceTree = "<group>"; };
		6D58F0B713E8ED1900E9CE78 /* SBJson.h */ = {isa = PBXFileReference; fileEncoding = 4; lastKnownFileType = sourcecode.c.h; path = SBJson.h; sourceTree = "<group>"; };
		6D58F0B813E8ED1900E9CE78 /* SBJsonStreamParserAccumulator.h */ = {isa = PBXFileReference; fileEncoding = 4; lastKnownFileType = sourcecode.c.h; path = SBJsonStreamParserAccumulator.h; sourceTree = "<group>"; };
		6D58F0B913E8ED1A00E9CE78 /* SBJsonStreamParserAccumulator.m */ = {isa = PBXFileReference; fileEncoding = 4; lastKnownFileType = sourcecode.c.objc; path = SBJsonStreamParserAccumulator.m; sourceTree = "<group>"; };
		6D58F0BA13E8ED1A00E9CE78 /* SBJsonStreamWriterAccumulator.h */ = {isa = PBXFileReference; fileEncoding = 4; lastKnownFileType = sourcecode.c.h; path = SBJsonStreamWriterAccumulator.h; sourceTree = "<group>"; };
		6D58F0BB13E8ED1A00E9CE78 /* SBJsonStreamWriterAccumulator.m */ = {isa = PBXFileReference; fileEncoding = 4; lastKnownFileType = sourcecode.c.objc; path = SBJsonStreamWriterAccumulator.m; sourceTree = "<group>"; };
		6D58F0BC13E8ED1B00E9CE78 /* SBJsonUTF8Stream.h */ = {isa = PBXFileReference; fileEncoding = 4; lastKnownFileType = sourcecode.c.h; path = SBJsonUTF8Stream.h; sourceTree = "<group>"; };
		6D58F0BD13E8ED1B00E9CE78 /* SBJsonUTF8Stream.m */ = {isa = PBXFileReference; fileEncoding = 4; lastKnownFileType = sourcecode.c.objc; path = SBJsonUTF8Stream.m; sourceTree = "<group>"; };
		6E55A4B31183CA80002768DE /* Library+SBJSON.xcconfig */ = {isa = PBXFileReference; fileEncoding = 4; lastKnownFileType = text.xcconfig; name = "Library+SBJSON.xcconfig"; path = "Configurations/Library+SBJSON.xcconfig"; sourceTree = "<group>"; };
		6E6454021184BDD500F08CB1 /* Project.xcconfig */ = {isa = PBXFileReference; fileEncoding = 4; lastKnownFileType = text.xcconfig; name = Project.xcconfig; path = Configurations/Project.xcconfig; sourceTree = "<group>"; };
		6E645A1A11876C9800F08CB1 /* TTURLJSONResponse.h */ = {isa = PBXFileReference; fileEncoding = 4; lastKnownFileType = sourcecode.c.h; name = TTURLJSONResponse.h; path = Headers/TTURLJSONResponse.h; sourceTree = "<group>"; };
		6E645A1C11876C9800F08CB1 /* TTURLJSONResponse.m */ = {isa = PBXFileReference; fileEncoding = 4; lastKnownFileType = sourcecode.c.objc; name = TTURLJSONResponse.m; path = Source/TTURLJSONResponse.m; sourceTree = "<group>"; };
		6E645A2311876CA800F08CB1 /* NSObject+SBJSON.h */ = {isa = PBXFileReference; fileEncoding = 4; lastKnownFileType = sourcecode.c.h; path = "NSObject+SBJSON.h"; sourceTree = "<group>"; };
		6E645A2411876CA800F08CB1 /* NSObject+SBJSON.m */ = {isa = PBXFileReference; fileEncoding = 4; lastKnownFileType = sourcecode.c.objc; path = "NSObject+SBJSON.m"; sourceTree = "<group>"; };
		6E645A2C11876CA800F08CB1 /* SBJsonParser.h */ = {isa = PBXFileReference; fileEncoding = 4; lastKnownFileType = sourcecode.c.h; path = SBJsonParser.h; sourceTree = "<group>"; };
		6E645A2D11876CA800F08CB1 /* SBJsonParser.m */ = {isa = PBXFileReference; fileEncoding = 4; lastKnownFileType = sourcecode.c.objc; path = SBJsonParser.m; sourceTree = "<group>"; };
		6E645A2E11876CA800F08CB1 /* SBJsonWriter.h */ = {isa = PBXFileReference; fileEncoding = 4; lastKnownFileType = sourcecode.c.h; path = SBJsonWriter.h; sourceTree = "<group>"; };
		6E645A2F11876CA800F08CB1 /* SBJsonWriter.m */ = {isa = PBXFileReference; fileEncoding = 4; lastKnownFileType = sourcecode.c.objc; path = SBJsonWriter.m; sourceTree = "<group>"; };
		6E645A6511876D2900F08CB1 /* extJSONTests+SBJSON.m */ = {isa = PBXFileReference; fileEncoding = 4; lastKnownFileType = sourcecode.c.objc; name = "extJSONTests+SBJSON.m"; path = "UnitTests/extJSONTests+SBJSON.m"; sourceTree = "<group>"; };
		6E645A6A11876D3F00F08CB1 /* Three20Core.xcodeproj */ = {isa = PBXFileReference; lastKnownFileType = "wrapper.pb-project"; name = Three20Core.xcodeproj; path = ../Three20Core/Three20Core.xcodeproj; sourceTree = SOURCE_ROOT; };
		6E645A7311876D4600F08CB1 /* Three20Network.xcodeproj */ = {isa = PBXFileReference; lastKnownFileType = "wrapper.pb-project"; name = Three20Network.xcodeproj; path = ../Three20Network/Three20Network.xcodeproj; sourceTree = SOURCE_ROOT; };
		6E645BF71187771D00F08CB1 /* extThree20JSON+SBJSON_Prefix.pch */ = {isa = PBXFileReference; fileEncoding = 4; lastKnownFileType = sourcecode.c.h; name = "extThree20JSON+SBJSON_Prefix.pch"; path = "Headers/extThree20JSON+SBJSON_Prefix.pch"; sourceTree = "<group>"; };
		6E6462111187DD2A00F08CB1 /* extThree20JSON.h */ = {isa = PBXFileReference; fileEncoding = 4; lastKnownFileType = sourcecode.c.h; name = extThree20JSON.h; path = Headers/extThree20JSON.h; sourceTree = "<group>"; };
		6EB460921183D16000685649 /* UnitTests-Info.plist */ = {isa = PBXFileReference; fileEncoding = 4; lastKnownFileType = text.plist.xml; name = "UnitTests-Info.plist"; path = "UnitTests/Resources/PropertyLists/UnitTests-Info.plist"; sourceTree = "<group>"; };
		6EB460A61183D2AC00685649 /* UnitTests+SBJSON.xcconfig */ = {isa = PBXFileReference; fileEncoding = 4; lastKnownFileType = text.xcconfig; name = "UnitTests+SBJSON.xcconfig"; path = "Configurations/UnitTests+SBJSON.xcconfig"; sourceTree = "<group>"; };
		BEF31F3A0F352DF5000DE5D2 /* libextThree20JSON+SBJSON.a */ = {isa = PBXFileReference; explicitFileType = archive.ar; includeInIndex = 0; path = "libextThree20JSON+SBJSON.a"; sourceTree = BUILT_PRODUCTS_DIR; };
		EB9E6C6210B6A8F800DE563C /* extJSONUnitTests+SBJSON.octest */ = {isa = PBXFileReference; explicitFileType = wrapper.cfbundle; includeInIndex = 0; path = "extJSONUnitTests+SBJSON.octest"; sourceTree = BUILT_PRODUCTS_DIR; };
/* End PBXFileReference section */

/* Begin PBXFrameworksBuildPhase section */
		BEF31F380F352DF5000DE5D2 /* Frameworks */ = {
			isa = PBXFrameworksBuildPhase;
			buildActionMask = 2147483647;
			files = (
			);
			runOnlyForDeploymentPostprocessing = 0;
		};
		EB9E6C5F10B6A8F800DE563C /* Frameworks */ = {
			isa = PBXFrameworksBuildPhase;
			buildActionMask = 2147483647;
			files = (
				6EB460DA1183D8CB00685649 /* libextThree20JSON+SBJSON.a in Frameworks */,
				6E645AA111876E2B00F08CB1 /* libThree20Core.a in Frameworks */,
			);
			runOnlyForDeploymentPostprocessing = 0;
		};
/* End PBXFrameworksBuildPhase section */

/* Begin PBXGroup section */
		19C28FACFE9D520D11CA2CBB /* Products */ = {
			isa = PBXGroup;
			children = (
				BEF31F3A0F352DF5000DE5D2 /* libextThree20JSON+SBJSON.a */,
				EB9E6C6210B6A8F800DE563C /* extJSONUnitTests+SBJSON.octest */,
			);
			name = Products;
			sourceTree = "<group>";
		};
		29B97314FDCFA39411CA2CEA /* CustomTemplate */ = {
			isa = PBXGroup;
			children = (
				6E6462111187DD2A00F08CB1 /* extThree20JSON.h */,
				6E645BF71187771D00F08CB1 /* extThree20JSON+SBJSON_Prefix.pch */,
				6609982012939800007B1E07 /* TTExtensionLoader.h */,
				66099817129397F5007B1E07 /* TTExtensionLoader.m */,
				6EB4609C1183D1E000685649 /* Source */,
				6E645A4311876CFE00F08CB1 /* Dependencies */,
				6ED118E41183C38A0096AEBF /* Configurations */,
				6ED117ED1183BE770096AEBF /* Tests */,
				19C28FACFE9D520D11CA2CBB /* Products */,
			);
			name = CustomTemplate;
			sourceTree = "<group>";
		};
		2DA089D314B7968700E7E492 /* Products */ = {
			isa = PBXGroup;
			children = (
				2DA08A0814B796A100E7E492 /* libThree20Network.a */,
				2DA08A0A14B796A100E7E492 /* NetworkUnitTests.octest */,
			);
			name = Products;
			sourceTree = "<group>";
		};
		6E645A1F11876CA800F08CB1 /* Vendors */ = {
			isa = PBXGroup;
			children = (
				6E645A2011876CA800F08CB1 /* SBJSON */,
			);
			path = Vendors;
			sourceTree = "<group>";
		};
		6E645A2011876CA800F08CB1 /* SBJSON */ = {
			isa = PBXGroup;
			children = (
				6D58F0B613E8ED1800E9CE78 /* LICENSE */,
				6D58F0B713E8ED1900E9CE78 /* SBJson.h */,
				6D58F0B813E8ED1900E9CE78 /* SBJsonStreamParserAccumulator.h */,
				6D58F0B913E8ED1A00E9CE78 /* SBJsonStreamParserAccumulator.m */,
				6D58F0BA13E8ED1A00E9CE78 /* SBJsonStreamWriterAccumulator.h */,
				6D58F0BB13E8ED1A00E9CE78 /* SBJsonStreamWriterAccumulator.m */,
				6D58F0BC13E8ED1B00E9CE78 /* SBJsonUTF8Stream.h */,
				6D58F0BD13E8ED1B00E9CE78 /* SBJsonUTF8Stream.m */,
				6D58F0B213E8ECC500E9CE78 /* NSString+SBJSON.h */,
				6D58F0B313E8ECC600E9CE78 /* NSString+SBJSON.m */,
				6D58F0AE13E8EBA400E9CE78 /* Changes.md */,
				6D58F0AF13E8EBA400E9CE78 /* Credits.md */,
				6D58F0B013E8EBA500E9CE78 /* Readme.md */,
				6D58F0B113E8EBA500E9CE78 /* ReleaseChecklist.md */,
				6D269EC013CB5BC80006FE1F /* SBJsonTokeniser.m */,
				6D269EC113CB5BC80006FE1F /* SBJsonTokeniser.h */,
				6D269EC213CB5BC80006FE1F /* SBJsonStreamWriterState.m */,
				6D269EC313CB5BC80006FE1F /* SBJsonStreamWriterState.h */,
				6D269EC413CB5BC80006FE1F /* SBJsonStreamWriter.m */,
				6D269EC513CB5BC80006FE1F /* SBJsonStreamWriter.h */,
				6D269EC613CB5BC80006FE1F /* SBJsonStreamParserState.m */,
				6D269EC713CB5BC80006FE1F /* SBJsonStreamParserState.h */,
				6D269EC813CB5BC80006FE1F /* SBJsonStreamParserAdapter.m */,
				6D269EC913CB5BC80006FE1F /* SBJsonStreamParserAdapter.h */,
				6D269ECA13CB5BC80006FE1F /* SBJsonStreamParser.m */,
				6D269ECB13CB5BC80006FE1F /* SBJsonStreamParser.h */,
				6E645A2311876CA800F08CB1 /* NSObject+SBJSON.h */,
				6E645A2411876CA800F08CB1 /* NSObject+SBJSON.m */,
				6E645A2C11876CA800F08CB1 /* SBJsonParser.h */,
				6E645A2D11876CA800F08CB1 /* SBJsonParser.m */,
				6E645A2E11876CA800F08CB1 /* SBJsonWriter.h */,
				6E645A2F11876CA800F08CB1 /* SBJsonWriter.m */,
			);
			name = SBJSON;
			path = JSON;
			sourceTree = "<group>";
		};
		6E645A4311876CFE00F08CB1 /* Dependencies */ = {
			isa = PBXGroup;
			children = (
				6E645A6A11876D3F00F08CB1 /* Three20Core.xcodeproj */,
				6E645A7311876D4600F08CB1 /* Three20Network.xcodeproj */,
			);
			name = Dependencies;
			sourceTree = "<group>";
		};
		6E645A6B11876D3F00F08CB1 /* Products */ = {
			isa = PBXGroup;
			children = (
				6E645A7011876D3F00F08CB1 /* libThree20Core.a */,
				6E645A7211876D3F00F08CB1 /* CoreUnitTests.octest */,
			);
			name = Products;
			sourceTree = "<group>";
		};
		6EB4609C1183D1E000685649 /* Source */ = {
			isa = PBXGroup;
			children = (
				6E645A1A11876C9800F08CB1 /* TTURLJSONResponse.h */,
				6E645A1C11876C9800F08CB1 /* TTURLJSONResponse.m */,
				664B29E812848B1A0008D569 /* TTErrorCodes.h */,
				664B29EF12848B270008D569 /* TTErrorCodes.m */,
				6E645A1F11876CA800F08CB1 /* Vendors */,
			);
			name = Source;
			sourceTree = "<group>";
		};
		6ED117E51183BE2A0096AEBF /* Resources */ = {
			isa = PBXGroup;
			children = (
				6EB460921183D16000685649 /* UnitTests-Info.plist */,
			);
			name = Resources;
			sourceTree = "<group>";
		};
		6ED117ED1183BE770096AEBF /* Tests */ = {
			isa = PBXGroup;
			children = (
				6ED117E51183BE2A0096AEBF /* Resources */,
				6E645A6511876D2900F08CB1 /* extJSONTests+SBJSON.m */,
			);
			name = Tests;
			sourceTree = "<group>";
		};
		6ED118E41183C38A0096AEBF /* Configurations */ = {
			isa = PBXGroup;
			children = (
				6E55A4B31183CA80002768DE /* Library+SBJSON.xcconfig */,
				663DB06D12661EE900CF8CEA /* Library+YAJL.xcconfig */,
				6E6454021184BDD500F08CB1 /* Project.xcconfig */,
				6EB460A61183D2AC00685649 /* UnitTests+SBJSON.xcconfig */,
			);
			name = Configurations;
			sourceTree = "<group>";
		};
/* End PBXGroup section */

/* Begin PBXHeadersBuildPhase section */
		BEF31F360F352DF5000DE5D2 /* Headers */ = {
			isa = PBXHeadersBuildPhase;
			buildActionMask = 2147483647;
			files = (
				6E645A1D11876C9800F08CB1 /* TTURLJSONResponse.h in Headers */,
				6E6462121187DD2F00F08CB1 /* extThree20JSON.h in Headers */,
				664B29E912848B1A0008D569 /* TTErrorCodes.h in Headers */,
				6609982412939800007B1E07 /* TTExtensionLoader.h in Headers */,
				6E645A3111876CA800F08CB1 /* NSObject+SBJSON.h in Headers */,
				6E645A3911876CA800F08CB1 /* SBJsonParser.h in Headers */,
				6E645A3B11876CA800F08CB1 /* SBJsonWriter.h in Headers */,
				6D269ECF13CB5BC80006FE1F /* SBJsonTokeniser.h in Headers */,
				6D269ED113CB5BC80006FE1F /* SBJsonStreamWriterState.h in Headers */,
				6D269ED313CB5BC80006FE1F /* SBJsonStreamWriter.h in Headers */,
				6D269ED513CB5BC80006FE1F /* SBJsonStreamParserState.h in Headers */,
				6D269ED713CB5BC80006FE1F /* SBJsonStreamParserAdapter.h in Headers */,
				6D269ED913CB5BC80006FE1F /* SBJsonStreamParser.h in Headers */,
				6D58F0B413E8ECC700E9CE78 /* NSString+SBJSON.h in Headers */,
				6D58F0BE13E8ED1B00E9CE78 /* SBJson.h in Headers */,
				6D58F0BF13E8ED1C00E9CE78 /* SBJsonStreamParserAccumulator.h in Headers */,
				6D58F0C113E8ED1C00E9CE78 /* SBJsonStreamWriterAccumulator.h in Headers */,
				6D58F0C313E8ED1C00E9CE78 /* SBJsonUTF8Stream.h in Headers */,
			);
			runOnlyForDeploymentPostprocessing = 0;
		};
/* End PBXHeadersBuildPhase section */

/* Begin PBXNativeTarget section */
		BEF31F390F352DF5000DE5D2 /* extThree20JSON+SBJSON */ = {
			isa = PBXNativeTarget;
			buildConfigurationList = BEF31F410F352E14000DE5D2 /* Build configuration list for PBXNativeTarget "extThree20JSON+SBJSON" */;
			buildPhases = (
				BEF31F360F352DF5000DE5D2 /* Headers */,
				6E3C34C3118807EF0079637E /* Protect Copied Headers */,
				BEF31F370F352DF5000DE5D2 /* Sources */,
				BEF31F380F352DF5000DE5D2 /* Frameworks */,
			);
			buildRules = (
			);
			dependencies = (
				6E645A7D11876D5800F08CB1 /* PBXTargetDependency */,
				6E645A7F11876D5800F08CB1 /* PBXTargetDependency */,
			);
			name = "extThree20JSON+SBJSON";
			productName = Three20;
			productReference = BEF31F3A0F352DF5000DE5D2 /* libextThree20JSON+SBJSON.a */;
			productType = "com.apple.product-type.library.static";
		};
		EB9E6C6110B6A8F800DE563C /* extThree20JSONUnitTests+SBJSON */ = {
			isa = PBXNativeTarget;
			buildConfigurationList = EB9E6C6710B6A8F900DE563C /* Build configuration list for PBXNativeTarget "extThree20JSONUnitTests+SBJSON" */;
			buildPhases = (
				EB9E6C5D10B6A8F800DE563C /* Resources */,
				EB9E6C5E10B6A8F800DE563C /* Sources */,
				EB9E6C5F10B6A8F800DE563C /* Frameworks */,
				EB9E6C6010B6A8F800DE563C /* ShellScript */,
			);
			buildRules = (
			);
			dependencies = (
				6E645AA611876E3500F08CB1 /* PBXTargetDependency */,
				6E645AA811876E3500F08CB1 /* PBXTargetDependency */,
				6EB460DE1183D8D400685649 /* PBXTargetDependency */,
			);
			name = "extThree20JSONUnitTests+SBJSON";
			productName = CoreUnitTests;
			productReference = EB9E6C6210B6A8F800DE563C /* extJSONUnitTests+SBJSON.octest */;
			productType = "com.apple.product-type.bundle";
		};
/* End PBXNativeTarget section */

/* Begin PBXProject section */
		29B97313FDCFA39411CA2CEA /* Project object */ = {
			isa = PBXProject;
			attributes = {
				BuildIndependentTargetsInParallel = YES;
				LastUpgradeCheck = 0420;
			};
			buildConfigurationList = C01FCF4E08A954540054247B /* Build configuration list for PBXProject "extThree20JSON" */;
			compatibilityVersion = "Xcode 3.2";
			developmentRegion = English;
			hasScannedForEncodings = 1;
			knownRegions = (
				English,
				Japanese,
				French,
				German,
			);
			mainGroup = 29B97314FDCFA39411CA2CEA /* CustomTemplate */;
			projectDirPath = "";
			projectReferences = (
				{
					ProductGroup = 6E645A6B11876D3F00F08CB1 /* Products */;
					ProjectRef = 6E645A6A11876D3F00F08CB1 /* Three20Core.xcodeproj */;
				},
				{
					ProductGroup = 2DA089D314B7968700E7E492 /* Products */;
					ProjectRef = 6E645A7311876D4600F08CB1 /* Three20Network.xcodeproj */;
				},
			);
			projectRoot = "";
			targets = (
				BEF31F390F352DF5000DE5D2 /* extThree20JSON+SBJSON */,
				EB9E6C6110B6A8F800DE563C /* extThree20JSONUnitTests+SBJSON */,
			);
		};
/* End PBXProject section */

/* Begin PBXReferenceProxy section */
		2DA08A0814B796A100E7E492 /* libThree20Network.a */ = {
			isa = PBXReferenceProxy;
			fileType = archive.ar;
			path = libThree20Network.a;
			remoteRef = 2DA08A0714B796A100E7E492 /* PBXContainerItemProxy */;
			sourceTree = BUILT_PRODUCTS_DIR;
		};
		2DA08A0A14B796A100E7E492 /* NetworkUnitTests.octest */ = {
			isa = PBXReferenceProxy;
			fileType = wrapper.cfbundle;
			path = NetworkUnitTests.octest;
			remoteRef = 2DA08A0914B796A100E7E492 /* PBXContainerItemProxy */;
			sourceTree = BUILT_PRODUCTS_DIR;
		};
		6E645A7011876D3F00F08CB1 /* libThree20Core.a */ = {
			isa = PBXReferenceProxy;
			fileType = archive.ar;
			path = libThree20Core.a;
			remoteRef = 6E645A6F11876D3F00F08CB1 /* PBXContainerItemProxy */;
			sourceTree = BUILT_PRODUCTS_DIR;
		};
		6E645A7211876D3F00F08CB1 /* CoreUnitTests.octest */ = {
			isa = PBXReferenceProxy;
			fileType = wrapper.cfbundle;
			path = CoreUnitTests.octest;
			remoteRef = 6E645A7111876D3F00F08CB1 /* PBXContainerItemProxy */;
			sourceTree = BUILT_PRODUCTS_DIR;
		};
/* End PBXReferenceProxy section */

/* Begin PBXResourcesBuildPhase section */
		EB9E6C5D10B6A8F800DE563C /* Resources */ = {
			isa = PBXResourcesBuildPhase;
			buildActionMask = 2147483647;
			files = (
			);
			runOnlyForDeploymentPostprocessing = 0;
		};
/* End PBXResourcesBuildPhase section */

/* Begin PBXShellScriptBuildPhase section */
		6E3C34C3118807EF0079637E /* Protect Copied Headers */ = {
			isa = PBXShellScriptBuildPhase;
			buildActionMask = 2147483647;
			files = (
			);
			inputPaths = (
			);
			name = "Protect Copied Headers";
			outputPaths = (
			);
			runOnlyForDeploymentPostprocessing = 0;
			shellPath = "/bin/sh ../scripts/Protect.command";
			shellScript = "";
		};
		EB9E6C6010B6A8F800DE563C /* ShellScript */ = {
			isa = PBXShellScriptBuildPhase;
			buildActionMask = 2147483647;
			files = (
			);
			inputPaths = (
			);
			outputPaths = (
			);
			runOnlyForDeploymentPostprocessing = 0;
			shellPath = /bin/sh;
			shellScript = "# Run the unit tests in this test bundle.\n\"${SYSTEM_DEVELOPER_DIR}/Tools/RunUnitTests\"\n";
		};
/* End PBXShellScriptBuildPhase section */

/* Begin PBXSourcesBuildPhase section */
		BEF31F370F352DF5000DE5D2 /* Sources */ = {
			isa = PBXSourcesBuildPhase;
			buildActionMask = 2147483647;
			files = (
				6E645A1E11876C9800F08CB1 /* TTURLJSONResponse.m in Sources */,
				6E645A3211876CA800F08CB1 /* NSObject+SBJSON.m in Sources */,
				664B29F012848B270008D569 /* TTErrorCodes.m in Sources */,
				6609981F129397F5007B1E07 /* TTExtensionLoader.m in Sources */,
			);
			runOnlyForDeploymentPostprocessing = 0;
		};
		EB9E6C5E10B6A8F800DE563C /* Sources */ = {
			isa = PBXSourcesBuildPhase;
			buildActionMask = 2147483647;
			files = (
				6E645A9A11876E0400F08CB1 /* extJSONTests+SBJSON.m in Sources */,
			);
			runOnlyForDeploymentPostprocessing = 0;
		};
/* End PBXSourcesBuildPhase section */

/* Begin PBXTargetDependency section */
		6E645A7D11876D5800F08CB1 /* PBXTargetDependency */ = {
			isa = PBXTargetDependency;
			name = Three20Core;
			targetProxy = 6E645A7C11876D5800F08CB1 /* PBXContainerItemProxy */;
		};
		6E645A7F11876D5800F08CB1 /* PBXTargetDependency */ = {
			isa = PBXTargetDependency;
			name = Three20Network;
			targetProxy = 6E645A7E11876D5800F08CB1 /* PBXContainerItemProxy */;
		};
		6E645AA611876E3500F08CB1 /* PBXTargetDependency */ = {
			isa = PBXTargetDependency;
			name = UnitTests;
			targetProxy = 6E645AA511876E3500F08CB1 /* PBXContainerItemProxy */;
		};
		6E645AA811876E3500F08CB1 /* PBXTargetDependency */ = {
			isa = PBXTargetDependency;
			name = UnitTests;
			targetProxy = 6E645AA711876E3500F08CB1 /* PBXContainerItemProxy */;
		};
		6EB460DE1183D8D400685649 /* PBXTargetDependency */ = {
			isa = PBXTargetDependency;
			target = BEF31F390F352DF5000DE5D2 /* extThree20JSON+SBJSON */;
			targetProxy = 6EB460DD1183D8D400685649 /* PBXContainerItemProxy */;
		};
/* End PBXTargetDependency section */

/* Begin XCBuildConfiguration section */
		6E92493F112C6F4000531F03 /* Internal */ = {
			isa = XCBuildConfiguration;
			baseConfigurationReference = 6E6454021184BDD500F08CB1 /* Project.xcconfig */;
			buildSettings = {
				GCC_C_LANGUAGE_STANDARD = c99;
				GCC_WARN_ABOUT_RETURN_TYPE = YES;
				GCC_WARN_UNUSED_VARIABLE = YES;
				OTHER_LDFLAGS = "-ObjC";
				SDKROOT = iphoneos;
			};
			name = Internal;
		};
		6E924940112C6F4000531F03 /* Internal */ = {
			isa = XCBuildConfiguration;
			baseConfigurationReference = 6E55A4B31183CA80002768DE /* Library+SBJSON.xcconfig */;
			buildSettings = {
				COPY_PHASE_STRIP = NO;
				GCC_DYNAMIC_NO_PIC = NO;
				GCC_OPTIMIZATION_LEVEL = 0;
				GCC_PRECOMPILE_PREFIX_HEADER = NO;
				GCC_PREPROCESSOR_DEFINITIONS = (
					EXTJSON_SBJSON,
					DEBUG,
				);
				GCC_VERSION = com.apple.compilers.llvm.clang.1_0;
				RUN_CLANG_STATIC_ANALYZER = YES;
				SDKROOT = iphoneos;
			};
			name = Internal;
		};
		6E924941112C6F4000531F03 /* Internal */ = {
			isa = XCBuildConfiguration;
			baseConfigurationReference = 6EB460A61183D2AC00685649 /* UnitTests+SBJSON.xcconfig */;
			buildSettings = {
				COPY_PHASE_STRIP = NO;
				GCC_DYNAMIC_NO_PIC = NO;
				GCC_ENABLE_OBJC_EXCEPTIONS = YES;
				GCC_OPTIMIZATION_LEVEL = 0;
				GCC_PRECOMPILE_PREFIX_HEADER = NO;
				GCC_PREPROCESSOR_DEFINITIONS = DEBUG;
				SDKROOT = iphoneos;
			};
			name = Internal;
		};
		BEF31F3B0F352DF6000DE5D2 /* Debug */ = {
			isa = XCBuildConfiguration;
			baseConfigurationReference = 6E55A4B31183CA80002768DE /* Library+SBJSON.xcconfig */;
			buildSettings = {
				COPY_PHASE_STRIP = NO;
				GCC_DYNAMIC_NO_PIC = NO;
				GCC_OPTIMIZATION_LEVEL = 0;
				GCC_PREPROCESSOR_DEFINITIONS = (
					EXTJSON_SBJSON,
					DEBUG,
				);
				GCC_VERSION = com.apple.compilers.llvm.clang.1_0;
				SDKROOT = iphoneos;
			};
			name = Debug;
		};
		BEF31F3C0F352DF6000DE5D2 /* Release */ = {
			isa = XCBuildConfiguration;
			baseConfigurationReference = 6E55A4B31183CA80002768DE /* Library+SBJSON.xcconfig */;
			buildSettings = {
				COPY_PHASE_STRIP = YES;
				DEBUG_INFORMATION_FORMAT = "dwarf-with-dsym";
				GCC_PREPROCESSOR_DEFINITIONS = EXTJSON_SBJSON;
				GCC_VERSION = com.apple.compilers.llvm.clang.1_0;
				SDKROOT = iphoneos;
				ZERO_LINK = NO;
			};
			name = Release;
		};
		C01FCF4F08A954540054247B /* Debug */ = {
			isa = XCBuildConfiguration;
			baseConfigurationReference = 6E6454021184BDD500F08CB1 /* Project.xcconfig */;
			buildSettings = {
				GCC_C_LANGUAGE_STANDARD = c99;
				GCC_WARN_ABOUT_RETURN_TYPE = YES;
				GCC_WARN_UNUSED_VARIABLE = YES;
				OTHER_LDFLAGS = "-ObjC";
				SDKROOT = iphoneos;
			};
			name = Debug;
		};
		C01FCF5008A954540054247B /* Release */ = {
			isa = XCBuildConfiguration;
			baseConfigurationReference = 6E6454021184BDD500F08CB1 /* Project.xcconfig */;
			buildSettings = {
				GCC_C_LANGUAGE_STANDARD = c99;
				GCC_WARN_ABOUT_RETURN_TYPE = YES;
				GCC_WARN_CHECK_SWITCH_STATEMENTS = YES;
				GCC_WARN_UNUSED_VARIABLE = YES;
				OTHER_LDFLAGS = "-ObjC";
				SDKROOT = iphoneos;
			};
			name = Release;
		};
		EB9E6C6510B6A8F900DE563C /* Debug */ = {
			isa = XCBuildConfiguration;
			baseConfigurationReference = 6EB460A61183D2AC00685649 /* UnitTests+SBJSON.xcconfig */;
			buildSettings = {
				COPY_PHASE_STRIP = NO;
				GCC_DYNAMIC_NO_PIC = NO;
				GCC_ENABLE_OBJC_EXCEPTIONS = YES;
				GCC_OPTIMIZATION_LEVEL = 0;
				GCC_PRECOMPILE_PREFIX_HEADER = YES;
				GCC_PREPROCESSOR_DEFINITIONS = DEBUG;
				SDKROOT = iphoneos;
			};
			name = Debug;
		};
		EB9E6C6610B6A8F900DE563C /* Release */ = {
			isa = XCBuildConfiguration;
			baseConfigurationReference = 6EB460A61183D2AC00685649 /* UnitTests+SBJSON.xcconfig */;
			buildSettings = {
				COPY_PHASE_STRIP = YES;
				DEBUG_INFORMATION_FORMAT = "dwarf-with-dsym";
				GCC_ENABLE_OBJC_EXCEPTIONS = YES;
				GCC_PRECOMPILE_PREFIX_HEADER = YES;
				SDKROOT = iphoneos;
				ZERO_LINK = NO;
			};
			name = Release;
		};
/* End XCBuildConfiguration section */

/* Begin XCConfigurationList section */
		BEF31F410F352E14000DE5D2 /* Build configuration list for PBXNativeTarget "extThree20JSON+SBJSON" */ = {
			isa = XCConfigurationList;
			buildConfigurations = (
				BEF31F3B0F352DF6000DE5D2 /* Debug */,
				6E924940112C6F4000531F03 /* Internal */,
				BEF31F3C0F352DF6000DE5D2 /* Release */,
			);
			defaultConfigurationIsVisible = 0;
			defaultConfigurationName = Release;
		};
		C01FCF4E08A954540054247B /* Build configuration list for PBXProject "extThree20JSON" */ = {
			isa = XCConfigurationList;
			buildConfigurations = (
				C01FCF4F08A954540054247B /* Debug */,
				6E92493F112C6F4000531F03 /* Internal */,
				C01FCF5008A954540054247B /* Release */,
			);
			defaultConfigurationIsVisible = 0;
			defaultConfigurationName = Release;
		};
		EB9E6C6710B6A8F900DE563C /* Build configuration list for PBXNativeTarget "extThree20JSONUnitTests+SBJSON" */ = {
			isa = XCConfigurationList;
			buildConfigurations = (
				EB9E6C6510B6A8F900DE563C /* Debug */,
				6E924941112C6F4000531F03 /* Internal */,
				EB9E6C6610B6A8F900DE563C /* Release */,
			);
			defaultConfigurationIsVisible = 0;
			defaultConfigurationName = Release;
		};
/* End XCConfigurationList section */
	};
	rootObject = 29B97313FDCFA39411CA2CEA /* Project object */;
}
